PODS:
  - AFMInfoBanner (1.1):
    - CVKHierarchySearcher (~> 0.2)
  - CVKHierarchySearcher (0.2.0)
  - Expecta (1.0.0)
  - Expecta+Snapshots (1.3.4):
    - Expecta (~> 1.0)
    - FBSnapshotTestCase (~> 1.8)
  - FBSnapshotTestCase (1.8.1)
  - Specta (1.0.2)

DEPENDENCIES:
  - AFMInfoBanner (from `../`)
  - Expecta
  - Expecta+Snapshots
  - FBSnapshotTestCase
  - Specta

EXTERNAL SOURCES:
  AFMInfoBanner:
    :path: ../

SPEC CHECKSUMS:
  AFMInfoBanner: 207a0622fdfc6bff3e8d04ac557932f3d6849425
  CVKHierarchySearcher: 7be8d3bcbcc6f86ff07f785e6c632b5e40da2553
  Expecta: 32604574add2c46a36f8d2f716b6c5736eb75024
  Expecta+Snapshots: ca15bfb57e7a0f78f86c7699c2c54ffacfa4ad2a
  FBSnapshotTestCase: 3dc3899168747a0319c5278f5b3445c13a6532dd
  Specta: 9cec98310dca411f7c7ffd6943552b501622abfe

COCOAPODS: 0.37.2
